// !$*UTF8*$!
{
	archiveVersion = 1;
	classes = {
	};
	objectVersion = 56;
	objects = {

/* Begin PBXBuildFile section */
		FA24FC8A29C70A87005E51BC /* GoogleService-Info.plist in Resources */ = {isa = PBXBuildFile; fileRef = FA24FC8929C70A87005E51BC /* GoogleService-Info.plist */; };
		FA24FC9529C70F80005E51BC /* AuthViewModel.swift in Sources */ = {isa = PBXBuildFile; fileRef = FA24FC9429C70F80005E51BC /* AuthViewModel.swift */; };
		FA24FC9729C7658B005E51BC /* ProfilePhotoSelectorView.swift in Sources */ = {isa = PBXBuildFile; fileRef = FA24FC9629C7658A005E51BC /* ProfilePhotoSelectorView.swift */; };
		FA64846929C9DD6C00B43F18 /* FirebaseAuth in Frameworks */ = {isa = PBXBuildFile; productRef = FA64846829C9DD6C00B43F18 /* FirebaseAuth */; };
		FA64846B29C9DD6C00B43F18 /* FirebaseFirestore in Frameworks */ = {isa = PBXBuildFile; productRef = FA64846A29C9DD6C00B43F18 /* FirebaseFirestore */; };
		FA64846D29C9DD6C00B43F18 /* FirebaseFirestoreSwift in Frameworks */ = {isa = PBXBuildFile; productRef = FA64846C29C9DD6C00B43F18 /* FirebaseFirestoreSwift */; };
		FA64846F29C9DD6C00B43F18 /* FirebaseFunctions in Frameworks */ = {isa = PBXBuildFile; productRef = FA64846E29C9DD6C00B43F18 /* FirebaseFunctions */; };
		FA64847129C9DD6C00B43F18 /* FirebaseStorage in Frameworks */ = {isa = PBXBuildFile; productRef = FA64847029C9DD6C00B43F18 /* FirebaseStorage */; };
		FA64847329CB391600B43F18 /* NewMessageViewModel.swift in Sources */ = {isa = PBXBuildFile; fileRef = FA64847229CB391600B43F18 /* NewMessageViewModel.swift */; };
		FA64847529CB39A000B43F18 /* Constants.swift in Sources */ = {isa = PBXBuildFile; fileRef = FA64847429CB39A000B43F18 /* Constants.swift */; };
		FA77847B29C35AA7003E920A /* RegistrationView.swift in Sources */ = {isa = PBXBuildFile; fileRef = FA77847A29C35AA7003E920A /* RegistrationView.swift */; };
		FA77847D29C35D71003E920A /* LoginView.swift in Sources */ = {isa = PBXBuildFile; fileRef = FA77847C29C35D71003E920A /* LoginView.swift */; };
		FA77848929C38F8F003E920A /* MainView.swift in Sources */ = {isa = PBXBuildFile; fileRef = FA77848829C38F8F003E920A /* MainView.swift */; };
		FA77848D29C3901D003E920A /* SettingsView.swift in Sources */ = {isa = PBXBuildFile; fileRef = FA77848C29C3901D003E920A /* SettingsView.swift */; };
		FA77848F29C3902E003E920A /* ChatView.swift in Sources */ = {isa = PBXBuildFile; fileRef = FA77848E29C3902E003E920A /* ChatView.swift */; };
		FA77849129C3903A003E920A /* ChannelsView.swift in Sources */ = {isa = PBXBuildFile; fileRef = FA77849029C3903A003E920A /* ChannelsView.swift */; };
		FA77849629C39073003E920A /* ConversationsView.swift in Sources */ = {isa = PBXBuildFile; fileRef = FA77849529C39073003E920A /* ConversationsView.swift */; };
		FA77849829C392CC003E920A /* StatusSelectorView.swift in Sources */ = {isa = PBXBuildFile; fileRef = FA77849729C392CC003E920A /* StatusSelectorView.swift */; };
		FA77849A29C392D6003E920A /* EditProfileView.swift in Sources */ = {isa = PBXBuildFile; fileRef = FA77849929C392D6003E920A /* EditProfileView.swift */; };
		FA77849C29C392E0003E920A /* SettingsHeaderView.swift in Sources */ = {isa = PBXBuildFile; fileRef = FA77849B29C392E0003E920A /* SettingsHeaderView.swift */; };
		FA77849F29C399C0003E920A /* Kingfisher in Frameworks */ = {isa = PBXBuildFile; productRef = FA77849E29C399C0003E920A /* Kingfisher */; };
		FA7784A129C39EE1003E920A /* SettingsCell.swift in Sources */ = {isa = PBXBuildFile; fileRef = FA7784A029C39EE1003E920A /* SettingsCell.swift */; };
		FA7784A429C39F73003E920A /* SettingsCellViewModel.swift in Sources */ = {isa = PBXBuildFile; fileRef = FA7784A329C39F73003E920A /* SettingsCellViewModel.swift */; };
		FA7784A629C45AA3003E920A /* StatusViewModel.swift in Sources */ = {isa = PBXBuildFile; fileRef = FA7784A529C45AA3003E920A /* StatusViewModel.swift */; };
		FA7784A929C4D3C7003E920A /* ImagePicker.swift in Sources */ = {isa = PBXBuildFile; fileRef = FA7784A829C4D3C7003E920A /* ImagePicker.swift */; };
		FA7784AD29C4EBCC003E920A /* UserCell.swift in Sources */ = {isa = PBXBuildFile; fileRef = FA7784AA29C4EBCC003E920A /* UserCell.swift */; };
		FA7784AE29C4EBCC003E920A /* ConversationCell.swift in Sources */ = {isa = PBXBuildFile; fileRef = FA7784AB29C4EBCC003E920A /* ConversationCell.swift */; };
		FA7784AF29C4EBCC003E920A /* NewMessageView.swift in Sources */ = {isa = PBXBuildFile; fileRef = FA7784AC29C4EBCC003E920A /* NewMessageView.swift */; };
		FA7784B329C5D4FC003E920A /* MessageView.swift in Sources */ = {isa = PBXBuildFile; fileRef = FA7784B029C5D4FC003E920A /* MessageView.swift */; };
		FA7784B429C5D4FC003E920A /* CustomInputView.swift in Sources */ = {isa = PBXBuildFile; fileRef = FA7784B129C5D4FC003E920A /* CustomInputView.swift */; };
		FA7784B529C5D4FC003E920A /* ChatBubble.swift in Sources */ = {isa = PBXBuildFile; fileRef = FA7784B229C5D4FC003E920A /* ChatBubble.swift */; };
		FA7784B829C5E63C003E920A /* Message.swift in Sources */ = {isa = PBXBuildFile; fileRef = FA7784B729C5E63C003E920A /* Message.swift */; };
		FA7784BA29C5E827003E920A /* ChatViewModel.swift in Sources */ = {isa = PBXBuildFile; fileRef = FA7784B929C5E827003E920A /* ChatViewModel.swift */; };
		FA8F7A6729C7A1D400BAB532 /* ImageUploader.swift in Sources */ = {isa = PBXBuildFile; fileRef = FA8F7A6629C7A1D400BAB532 /* ImageUploader.swift */; };
		FA90058C29BB59E000EB1AED /* SwiftUIChatTutorialApp.swift in Sources */ = {isa = PBXBuildFile; fileRef = FA90058B29BB59E000EB1AED /* SwiftUIChatTutorialApp.swift */; };
		FA90058E29BB59E000EB1AED /* ContentView.swift in Sources */ = {isa = PBXBuildFile; fileRef = FA90058D29BB59E000EB1AED /* ContentView.swift */; };
		FA90059029BB59E500EB1AED /* Assets.xcassets in Resources */ = {isa = PBXBuildFile; fileRef = FA90058F29BB59E500EB1AED /* Assets.xcassets */; };
		FA90059329BB59E500EB1AED /* Preview Assets.xcassets in Resources */ = {isa = PBXBuildFile; fileRef = FA90059229BB59E500EB1AED /* Preview Assets.xcassets */; };
		FA9396B829C249060096B649 /* CustomTextField.swift in Sources */ = {isa = PBXBuildFile; fileRef = FA9396B729C249060096B649 /* CustomTextField.swift */; };
		FAEE184B29C9189700DD4244 /* User.swift in Sources */ = {isa = PBXBuildFile; fileRef = FAEE184A29C9189700DD4244 /* User.swift */; };
/* End PBXBuildFile section */

/* Begin PBXFileReference section */
		FA24FC8929C70A87005E51BC /* GoogleService-Info.plist */ = {isa = PBXFileReference; fileEncoding = 4; lastKnownFileType = text.plist.xml; name = "GoogleService-Info.plist"; path = "../../../../Downloads/GoogleService-Info.plist"; sourceTree = "<group>"; };
		FA24FC9429C70F80005E51BC /* AuthViewModel.swift */ = {isa = PBXFileReference; lastKnownFileType = sourcecode.swift; path = AuthViewModel.swift; sourceTree = "<group>"; };
		FA24FC9629C7658A005E51BC /* ProfilePhotoSelectorView.swift */ = {isa = PBXFileReference; fileEncoding = 4; lastKnownFileType = sourcecode.swift; name = ProfilePhotoSelectorView.swift; path = "../../../../../../Downloads/View-3/Authentication/ProfilePhotoSelectorView.swift"; sourceTree = "<group>"; };
		FA64847229CB391600B43F18 /* NewMessageViewModel.swift */ = {isa = PBXFileReference; lastKnownFileType = sourcecode.swift; path = NewMessageViewModel.swift; sourceTree = "<group>"; };
		FA64847429CB39A000B43F18 /* Constants.swift */ = {isa = PBXFileReference; lastKnownFileType = sourcecode.swift; path = Constants.swift; sourceTree = "<group>"; };
		FA77847A29C35AA7003E920A /* RegistrationView.swift */ = {isa = PBXFileReference; lastKnownFileType = sourcecode.swift; path = RegistrationView.swift; sourceTree = "<group>"; };
		FA77847C29C35D71003E920A /* LoginView.swift */ = {isa = PBXFileReference; lastKnownFileType = sourcecode.swift; name = LoginView.swift; path = ../../../../../View/Authentication/LoginView.swift; sourceTree = "<group>"; };
		FA77848829C38F8F003E920A /* MainView.swift */ = {isa = PBXFileReference; lastKnownFileType = sourcecode.swift; path = MainView.swift; sourceTree = "<group>"; };
		FA77848C29C3901D003E920A /* SettingsView.swift */ = {isa = PBXFileReference; lastKnownFileType = sourcecode.swift; path = SettingsView.swift; sourceTree = "<group>"; };
		FA77848E29C3902E003E920A /* ChatView.swift */ = {isa = PBXFileReference; lastKnownFileType = sourcecode.swift; path = ChatView.swift; sourceTree = "<group>"; };
		FA77849029C3903A003E920A /* ChannelsView.swift */ = {isa = PBXFileReference; lastKnownFileType = sourcecode.swift; path = ChannelsView.swift; sourceTree = "<group>"; };
		FA77849529C39073003E920A /* ConversationsView.swift */ = {isa = PBXFileReference; lastKnownFileType = sourcecode.swift; path = ConversationsView.swift; sourceTree = "<group>"; };
		FA77849729C392CC003E920A /* StatusSelectorView.swift */ = {isa = PBXFileReference; fileEncoding = 4; lastKnownFileType = sourcecode.swift; name = StatusSelectorView.swift; path = ../../../../../View/Settings/StatusSelectorView.swift; sourceTree = "<group>"; };
		FA77849929C392D6003E920A /* EditProfileView.swift */ = {isa = PBXFileReference; fileEncoding = 4; lastKnownFileType = sourcecode.swift; name = EditProfileView.swift; path = ../../../../../View/Settings/EditProfileView.swift; sourceTree = "<group>"; };
		FA77849B29C392E0003E920A /* SettingsHeaderView.swift */ = {isa = PBXFileReference; fileEncoding = 4; lastKnownFileType = sourcecode.swift; name = SettingsHeaderView.swift; path = ../../../../../View/Settings/SettingsHeaderView.swift; sourceTree = "<group>"; };
		FA7784A029C39EE1003E920A /* SettingsCell.swift */ = {isa = PBXFileReference; fileEncoding = 4; lastKnownFileType = sourcecode.swift; name = SettingsCell.swift; path = ../../../../../View/Settings/SettingsCell.swift; sourceTree = "<group>"; };
		FA7784A329C39F73003E920A /* SettingsCellViewModel.swift */ = {isa = PBXFileReference; lastKnownFileType = sourcecode.swift; path = SettingsCellViewModel.swift; sourceTree = "<group>"; };
		FA7784A529C45AA3003E920A /* StatusViewModel.swift */ = {isa = PBXFileReference; lastKnownFileType = sourcecode.swift; path = StatusViewModel.swift; sourceTree = "<group>"; };
		FA7784A729C4692A003E920A /* Info.plist */ = {isa = PBXFileReference; lastKnownFileType = text.plist; path = Info.plist; sourceTree = "<group>"; };
		FA7784A829C4D3C7003E920A /* ImagePicker.swift */ = {isa = PBXFileReference; lastKnownFileType = sourcecode.swift; path = ImagePicker.swift; sourceTree = "<group>"; };
		FA7784AA29C4EBCC003E920A /* UserCell.swift */ = {isa = PBXFileReference; fileEncoding = 4; lastKnownFileType = sourcecode.swift; name = UserCell.swift; path = ../../../../../../Downloads/View/Conversations/UserCell.swift; sourceTree = "<group>"; };
		FA7784AB29C4EBCC003E920A /* ConversationCell.swift */ = {isa = PBXFileReference; fileEncoding = 4; lastKnownFileType = sourcecode.swift; name = ConversationCell.swift; path = ../../../../../../Downloads/View/Conversations/ConversationCell.swift; sourceTree = "<group>"; };
		FA7784AC29C4EBCC003E920A /* NewMessageView.swift */ = {isa = PBXFileReference; fileEncoding = 4; lastKnownFileType = sourcecode.swift; name = NewMessageView.swift; path = ../../../../../../Downloads/View/Conversations/NewMessageView.swift; sourceTree = "<group>"; };
		FA7784B029C5D4FC003E920A /* MessageView.swift */ = {isa = PBXFileReference; fileEncoding = 4; lastKnownFileType = sourcecode.swift; name = MessageView.swift; path = ../../../../../../Downloads/View/Chats/MessageView.swift; sourceTree = "<group>"; };
		FA7784B129C5D4FC003E920A /* CustomInputView.swift */ = {isa = PBXFileReference; fileEncoding = 4; lastKnownFileType = sourcecode.swift; name = CustomInputView.swift; path = ../../../../../../Downloads/View/Chats/CustomInputView.swift; sourceTree = "<group>"; };
		FA7784B229C5D4FC003E920A /* ChatBubble.swift */ = {isa = PBXFileReference; fileEncoding = 4; lastKnownFileType = sourcecode.swift; name = ChatBubble.swift; path = ../../../../../../Downloads/View/Chats/ChatBubble.swift; sourceTree = "<group>"; };
		FA7784B729C5E63C003E920A /* Message.swift */ = {isa = PBXFileReference; lastKnownFileType = sourcecode.swift; path = Message.swift; sourceTree = "<group>"; };
		FA7784B929C5E827003E920A /* ChatViewModel.swift */ = {isa = PBXFileReference; lastKnownFileType = sourcecode.swift; path = ChatViewModel.swift; sourceTree = "<group>"; };
		FA8F7A6629C7A1D400BAB532 /* ImageUploader.swift */ = {isa = PBXFileReference; lastKnownFileType = sourcecode.swift; path = ImageUploader.swift; sourceTree = "<group>"; };
		FA90058829BB59E000EB1AED /* SwiftUIChatTutorial.app */ = {isa = PBXFileReference; explicitFileType = wrapper.application; includeInIndex = 0; path = SwiftUIChatTutorial.app; sourceTree = BUILT_PRODUCTS_DIR; };
		FA90058B29BB59E000EB1AED /* SwiftUIChatTutorialApp.swift */ = {isa = PBXFileReference; lastKnownFileType = sourcecode.swift; path = SwiftUIChatTutorialApp.swift; sourceTree = "<group>"; };
		FA90058D29BB59E000EB1AED /* ContentView.swift */ = {isa = PBXFileReference; lastKnownFileType = sourcecode.swift; path = ContentView.swift; sourceTree = "<group>"; };
		FA90058F29BB59E500EB1AED /* Assets.xcassets */ = {isa = PBXFileReference; lastKnownFileType = folder.assetcatalog; path = Assets.xcassets; sourceTree = "<group>"; };
		FA90059229BB59E500EB1AED /* Preview Assets.xcassets */ = {isa = PBXFileReference; lastKnownFileType = folder.assetcatalog; path = "Preview Assets.xcassets"; sourceTree = "<group>"; };
		FA9396B729C249060096B649 /* CustomTextField.swift */ = {isa = PBXFileReference; lastKnownFileType = sourcecode.swift; path = CustomTextField.swift; sourceTree = "<group>"; };
		FAEE184A29C9189700DD4244 /* User.swift */ = {isa = PBXFileReference; lastKnownFileType = sourcecode.swift; path = User.swift; sourceTree = "<group>"; };
/* End PBXFileReference section */

/* Begin PBXFrameworksBuildPhase section */
		FA90058529BB59E000EB1AED /* Frameworks */ = {
			isa = PBXFrameworksBuildPhase;
			buildActionMask = 2147483647;
			files = (
				FA77849F29C399C0003E920A /* Kingfisher in Frameworks */,
				FA64846929C9DD6C00B43F18 /* FirebaseAuth in Frameworks */,
				FA64846F29C9DD6C00B43F18 /* FirebaseFunctions in Frameworks */,
				FA64846B29C9DD6C00B43F18 /* FirebaseFirestore in Frameworks */,
				FA64846D29C9DD6C00B43F18 /* FirebaseFirestoreSwift in Frameworks */,
				FA64847129C9DD6C00B43F18 /* FirebaseStorage in Frameworks */,
			);
			runOnlyForDeploymentPostprocessing = 0;
		};
/* End PBXFrameworksBuildPhase section */

/* Begin PBXGroup section */
		FA4BDC1629BB6665008EBEA9 /* Utils */ = {
			isa = PBXGroup;
			children = (
				FA9396B729C249060096B649 /* CustomTextField.swift */,
				FA7784A829C4D3C7003E920A /* ImagePicker.swift */,
				FA64847429CB39A000B43F18 /* Constants.swift */,
			);
			path = Utils;
			sourceTree = "<group>";
		};
		FA77847E29C38C4A003E920A /* Channels */ = {
			isa = PBXGroup;
			children = (
				FA77849029C3903A003E920A /* ChannelsView.swift */,
			);
			path = Channels;
			sourceTree = "<group>";
		};
		FA77847F29C38C57003E920A /* Chats */ = {
			isa = PBXGroup;
			children = (
				FA7784B229C5D4FC003E920A /* ChatBubble.swift */,
				FA7784B129C5D4FC003E920A /* CustomInputView.swift */,
				FA7784B029C5D4FC003E920A /* MessageView.swift */,
				FA77848E29C3902E003E920A /* ChatView.swift */,
			);
			path = Chats;
			sourceTree = "<group>";
		};
		FA77848029C38C5F003E920A /* Settings */ = {
			isa = PBXGroup;
			children = (
				FA77849B29C392E0003E920A /* SettingsHeaderView.swift */,
				FA7784A029C39EE1003E920A /* SettingsCell.swift */,
				FA77849929C392D6003E920A /* EditProfileView.swift */,
				FA77849729C392CC003E920A /* StatusSelectorView.swift */,
				FA77848C29C3901D003E920A /* SettingsView.swift */,
			);
			path = Settings;
			sourceTree = "<group>";
		};
		FA77848129C38C6E003E920A /* Main */ = {
			isa = PBXGroup;
			children = (
				FA77848829C38F8F003E920A /* MainView.swift */,
			);
			path = Main;
			sourceTree = "<group>";
		};
		FA77849229C3904D003E920A /* Conversations */ = {
			isa = PBXGroup;
			children = (
				FA7784AB29C4EBCC003E920A /* ConversationCell.swift */,
				FA7784AC29C4EBCC003E920A /* NewMessageView.swift */,
				FA7784AA29C4EBCC003E920A /* UserCell.swift */,
				FA77849529C39073003E920A /* ConversationsView.swift */,
			);
			path = Conversations;
			sourceTree = "<group>";
		};
		FA7784A229C39F31003E920A /* ViewModel */ = {
			isa = PBXGroup;
			children = (
				FA64847229CB391600B43F18 /* NewMessageViewModel.swift */,
				FA7784A329C39F73003E920A /* SettingsCellViewModel.swift */,
				FA7784A529C45AA3003E920A /* StatusViewModel.swift */,
				FA7784B929C5E827003E920A /* ChatViewModel.swift */,
				FA24FC9429C70F80005E51BC /* AuthViewModel.swift */,
			);
			path = ViewModel;
			sourceTree = "<group>";
		};
		FA7784B629C5E629003E920A /* Model */ = {
			isa = PBXGroup;
			children = (
				FA7784B729C5E63C003E920A /* Message.swift */,
				FAEE184A29C9189700DD4244 /* User.swift */,
			);
			path = Model;
			sourceTree = "<group>";
		};
		FA8F7A6529C7A1B700BAB532 /* API */ = {
			isa = PBXGroup;
			children = (
				FA8F7A6629C7A1D400BAB532 /* ImageUploader.swift */,
			);
			path = API;
			sourceTree = "<group>";
		};
		FA90057F29BB59E000EB1AED = {
			isa = PBXGroup;
			children = (
				FA90058A29BB59E000EB1AED /* SwiftUIChatTutorial */,
				FA90058929BB59E000EB1AED /* Products */,
			);
			sourceTree = "<group>";
		};
		FA90058929BB59E000EB1AED /* Products */ = {
			isa = PBXGroup;
			children = (
				FA90058829BB59E000EB1AED /* SwiftUIChatTutorial.app */,
			);
			name = Products;
			sourceTree = "<group>";
		};
		FA90058A29BB59E000EB1AED /* SwiftUIChatTutorial */ = {
			isa = PBXGroup;
			children = (
				FA8F7A6529C7A1B700BAB532 /* API */,
				FA7784B629C5E629003E920A /* Model */,
				FA7784A729C4692A003E920A /* Info.plist */,
				FA24FC8929C70A87005E51BC /* GoogleService-Info.plist */,
				FA7784A229C39F31003E920A /* ViewModel */,
				FA9396B429C2488F0096B649 /* View */,
				FA4BDC1629BB6665008EBEA9 /* Utils */,
				FA90058B29BB59E000EB1AED /* SwiftUIChatTutorialApp.swift */,
				FA90058D29BB59E000EB1AED /* ContentView.swift */,
				FA90058F29BB59E500EB1AED /* Assets.xcassets */,
				FA90059129BB59E500EB1AED /* Preview Content */,
			);
			path = SwiftUIChatTutorial;
			sourceTree = "<group>";
		};
		FA90059129BB59E500EB1AED /* Preview Content */ = {
			isa = PBXGroup;
			children = (
				FA90059229BB59E500EB1AED /* Preview Assets.xcassets */,
			);
			path = "Preview Content";
			sourceTree = "<group>";
		};
		FA9396B429C2488F0096B649 /* View */ = {
			isa = PBXGroup;
			children = (
				FA77849229C3904D003E920A /* Conversations */,
				FA77848129C38C6E003E920A /* Main */,
				FA77848029C38C5F003E920A /* Settings */,
				FA77847F29C38C57003E920A /* Chats */,
				FA77847E29C38C4A003E920A /* Channels */,
				FA9396B529C2489C0096B649 /* Authentication */,
			);
			path = View;
			sourceTree = "<group>";
		};
		FA9396B529C2489C0096B649 /* Authentication */ = {
			isa = PBXGroup;
			children = (
				FA24FC9629C7658A005E51BC /* ProfilePhotoSelectorView.swift */,
				FA77847A29C35AA7003E920A /* RegistrationView.swift */,
				FA77847C29C35D71003E920A /* LoginView.swift */,
			);
			path = Authentication;
			sourceTree = "<group>";
		};
/* End PBXGroup section */

/* Begin PBXNativeTarget section */
		FA90058729BB59E000EB1AED /* SwiftUIChatTutorial */ = {
			isa = PBXNativeTarget;
			buildConfigurationList = FA90059629BB59E500EB1AED /* Build configuration list for PBXNativeTarget "SwiftUIChatTutorial" */;
			buildPhases = (
				FA90058429BB59E000EB1AED /* Sources */,
				FA90058529BB59E000EB1AED /* Frameworks */,
				FA90058629BB59E000EB1AED /* Resources */,
			);
			buildRules = (
			);
			dependencies = (
			);
			name = SwiftUIChatTutorial;
			packageProductDependencies = (
				FA77849E29C399C0003E920A /* Kingfisher */,
				FA64846829C9DD6C00B43F18 /* FirebaseAuth */,
				FA64846A29C9DD6C00B43F18 /* FirebaseFirestore */,
				FA64846C29C9DD6C00B43F18 /* FirebaseFirestoreSwift */,
				FA64846E29C9DD6C00B43F18 /* FirebaseFunctions */,
				FA64847029C9DD6C00B43F18 /* FirebaseStorage */,
			);
			productName = SwiftUIChatTutorial;
			productReference = FA90058829BB59E000EB1AED /* SwiftUIChatTutorial.app */;
			productType = "com.apple.product-type.application";
		};
/* End PBXNativeTarget section */

/* Begin PBXProject section */
		FA90058029BB59E000EB1AED /* Project object */ = {
			isa = PBXProject;
			attributes = {
				BuildIndependentTargetsInParallel = 1;
				LastSwiftUpdateCheck = 1420;
				LastUpgradeCheck = 1420;
				TargetAttributes = {
					FA90058729BB59E000EB1AED = {
						CreatedOnToolsVersion = 14.2;
					};
				};
			};
			buildConfigurationList = FA90058329BB59E000EB1AED /* Build configuration list for PBXProject "SwiftUIChatTutorial" */;
			compatibilityVersion = "Xcode 14.0";
			developmentRegion = en;
			hasScannedForEncodings = 0;
			knownRegions = (
				en,
				Base,
			);
			mainGroup = FA90057F29BB59E000EB1AED;
			packageReferences = (
				FA77849D29C399C0003E920A /* XCRemoteSwiftPackageReference "Kingfisher" */,
				FA64846729C9DD6C00B43F18 /* XCRemoteSwiftPackageReference "firebase-ios-sdk" */,
			);
			productRefGroup = FA90058929BB59E000EB1AED /* Products */;
			projectDirPath = "";
			projectRoot = "";
			targets = (
				FA90058729BB59E000EB1AED /* SwiftUIChatTutorial */,
			);
		};
/* End PBXProject section */

/* Begin PBXResourcesBuildPhase section */
		FA90058629BB59E000EB1AED /* Resources */ = {
			isa = PBXResourcesBuildPhase;
			buildActionMask = 2147483647;
			files = (
				FA90059329BB59E500EB1AED /* Preview Assets.xcassets in Resources */,
				FA90059029BB59E500EB1AED /* Assets.xcassets in Resources */,
				FA24FC8A29C70A87005E51BC /* GoogleService-Info.plist in Resources */,
			);
			runOnlyForDeploymentPostprocessing = 0;
		};
/* End PBXResourcesBuildPhase section */

/* Begin PBXSourcesBuildPhase section */
		FA90058429BB59E000EB1AED /* Sources */ = {
			isa = PBXSourcesBuildPhase;
			buildActionMask = 2147483647;
			files = (
				FA7784A129C39EE1003E920A /* SettingsCell.swift in Sources */,
				FA7784A429C39F73003E920A /* SettingsCellViewModel.swift in Sources */,
				FA77848929C38F8F003E920A /* MainView.swift in Sources */,
				FA7784A929C4D3C7003E920A /* ImagePicker.swift in Sources */,
				FA77847D29C35D71003E920A /* LoginView.swift in Sources */,
				FA77849C29C392E0003E920A /* SettingsHeaderView.swift in Sources */,
				FA7784A629C45AA3003E920A /* StatusViewModel.swift in Sources */,
				FA77849829C392CC003E920A /* StatusSelectorView.swift in Sources */,
				FAEE184B29C9189700DD4244 /* User.swift in Sources */,
				FA64847529CB39A000B43F18 /* Constants.swift in Sources */,
				FA64847329CB391600B43F18 /* NewMessageViewModel.swift in Sources */,
				FA77849129C3903A003E920A /* ChannelsView.swift in Sources */,
				FA7784B529C5D4FC003E920A /* ChatBubble.swift in Sources */,
				FA7784AF29C4EBCC003E920A /* NewMessageView.swift in Sources */,
				FA7784B429C5D4FC003E920A /* CustomInputView.swift in Sources */,
				FA77849629C39073003E920A /* ConversationsView.swift in Sources */,
				FA7784BA29C5E827003E920A /* ChatViewModel.swift in Sources */,
				FA24FC9729C7658B005E51BC /* ProfilePhotoSelectorView.swift in Sources */,
				FA77848D29C3901D003E920A /* SettingsView.swift in Sources */,
				FA7784B329C5D4FC003E920A /* MessageView.swift in Sources */,
				FA7784AE29C4EBCC003E920A /* ConversationCell.swift in Sources */,
				FA77849A29C392D6003E920A /* EditProfileView.swift in Sources */,
				FA77848F29C3902E003E920A /* ChatView.swift in Sources */,
				FA9396B829C249060096B649 /* CustomTextField.swift in Sources */,
				FA8F7A6729C7A1D400BAB532 /* ImageUploader.swift in Sources */,
				FA7784AD29C4EBCC003E920A /* UserCell.swift in Sources */,
				FA90058E29BB59E000EB1AED /* ContentView.swift in Sources */,
				FA7784B829C5E63C003E920A /* Message.swift in Sources */,
				FA90058C29BB59E000EB1AED /* SwiftUIChatTutorialApp.swift in Sources */,
				FA24FC9529C70F80005E51BC /* AuthViewModel.swift in Sources */,
				FA77847B29C35AA7003E920A /* RegistrationView.swift in Sources */,
			);
			runOnlyForDeploymentPostprocessing = 0;
		};
/* End PBXSourcesBuildPhase section */

/* Begin XCBuildConfiguration section */
		FA90059429BB59E500EB1AED /* Debug */ = {
			isa = XCBuildConfiguration;
			buildSettings = {
				ALWAYS_SEARCH_USER_PATHS = NO;
				CLANG_ANALYZER_NONNULL = YES;
				CLANG_ANALYZER_NUMBER_OBJECT_CONVERSION = YES_AGGRESSIVE;
				CLANG_CXX_LANGUAGE_STANDARD = "gnu++20";
				CLANG_ENABLE_MODULES = YES;
				CLANG_ENABLE_OBJC_ARC = YES;
				CLANG_ENABLE_OBJC_WEAK = YES;
				CLANG_WARN_BLOCK_CAPTURE_AUTORELEASING = YES;
				CLANG_WARN_BOOL_CONVERSION = YES;
				CLANG_WARN_COMMA = YES;
				CLANG_WARN_CONSTANT_CONVERSION = YES;
				CLANG_WARN_DEPRECATED_OBJC_IMPLEMENTATIONS = YES;
				CLANG_WARN_DIRECT_OBJC_ISA_USAGE = YES_ERROR;
				CLANG_WARN_DOCUMENTATION_COMMENTS = YES;
				CLANG_WARN_EMPTY_BODY = YES;
				CLANG_WARN_ENUM_CONVERSION = YES;
				CLANG_WARN_INFINITE_RECURSION = YES;
				CLANG_WARN_INT_CONVERSION = YES;
				CLANG_WARN_NON_LITERAL_NULL_CONVERSION = YES;
				CLANG_WARN_OBJC_IMPLICIT_RETAIN_SELF = YES;
				CLANG_WARN_OBJC_LITERAL_CONVERSION = YES;
				CLANG_WARN_OBJC_ROOT_CLASS = YES_ERROR;
				CLANG_WARN_QUOTED_INCLUDE_IN_FRAMEWORK_HEADER = YES;
				CLANG_WARN_RANGE_LOOP_ANALYSIS = YES;
				CLANG_WARN_STRICT_PROTOTYPES = YES;
				CLANG_WARN_SUSPICIOUS_MOVE = YES;
				CLANG_WARN_UNGUARDED_AVAILABILITY = YES_AGGRESSIVE;
				CLANG_WARN_UNREACHABLE_CODE = YES;
				CLANG_WARN__DUPLICATE_METHOD_MATCH = YES;
				COPY_PHASE_STRIP = NO;
				DEBUG_INFORMATION_FORMAT = dwarf;
				ENABLE_STRICT_OBJC_MSGSEND = YES;
				ENABLE_TESTABILITY = YES;
				GCC_C_LANGUAGE_STANDARD = gnu11;
				GCC_DYNAMIC_NO_PIC = NO;
				GCC_NO_COMMON_BLOCKS = YES;
				GCC_OPTIMIZATION_LEVEL = 0;
				GCC_PREPROCESSOR_DEFINITIONS = (
					"DEBUG=1",
					"$(inherited)",
				);
				GCC_WARN_64_TO_32_BIT_CONVERSION = YES;
				GCC_WARN_ABOUT_RETURN_TYPE = YES_ERROR;
				GCC_WARN_UNDECLARED_SELECTOR = YES;
				GCC_WARN_UNINITIALIZED_AUTOS = YES_AGGRESSIVE;
				GCC_WARN_UNUSED_FUNCTION = YES;
				GCC_WARN_UNUSED_VARIABLE = YES;
				IPHONEOS_DEPLOYMENT_TARGET = 16.2;
				MTL_ENABLE_DEBUG_INFO = INCLUDE_SOURCE;
				MTL_FAST_MATH = YES;
				ONLY_ACTIVE_ARCH = YES;
				SDKROOT = iphoneos;
				SWIFT_ACTIVE_COMPILATION_CONDITIONS = DEBUG;
				SWIFT_OPTIMIZATION_LEVEL = "-Onone";
			};
			name = Debug;
		};
		FA90059529BB59E500EB1AED /* Release */ = {
			isa = XCBuildConfiguration;
			buildSettings = {
				ALWAYS_SEARCH_USER_PATHS = NO;
				CLANG_ANALYZER_NONNULL = YES;
				CLANG_ANALYZER_NUMBER_OBJECT_CONVERSION = YES_AGGRESSIVE;
				CLANG_CXX_LANGUAGE_STANDARD = "gnu++20";
				CLANG_ENABLE_MODULES = YES;
				CLANG_ENABLE_OBJC_ARC = YES;
				CLANG_ENABLE_OBJC_WEAK = YES;
				CLANG_WARN_BLOCK_CAPTURE_AUTORELEASING = YES;
				CLANG_WARN_BOOL_CONVERSION = YES;
				CLANG_WARN_COMMA = YES;
				CLANG_WARN_CONSTANT_CONVERSION = YES;
				CLANG_WARN_DEPRECATED_OBJC_IMPLEMENTATIONS = YES;
				CLANG_WARN_DIRECT_OBJC_ISA_USAGE = YES_ERROR;
				CLANG_WARN_DOCUMENTATION_COMMENTS = YES;
				CLANG_WARN_EMPTY_BODY = YES;
				CLANG_WARN_ENUM_CONVERSION = YES;
				CLANG_WARN_INFINITE_RECURSION = YES;
				CLANG_WARN_INT_CONVERSION = YES;
				CLANG_WARN_NON_LITERAL_NULL_CONVERSION = YES;
				CLANG_WARN_OBJC_IMPLICIT_RETAIN_SELF = YES;
				CLANG_WARN_OBJC_LITERAL_CONVERSION = YES;
				CLANG_WARN_OBJC_ROOT_CLASS = YES_ERROR;
				CLANG_WARN_QUOTED_INCLUDE_IN_FRAMEWORK_HEADER = YES;
				CLANG_WARN_RANGE_LOOP_ANALYSIS = YES;
				CLANG_WARN_STRICT_PROTOTYPES = YES;
				CLANG_WARN_SUSPICIOUS_MOVE = YES;
				CLANG_WARN_UNGUARDED_AVAILABILITY = YES_AGGRESSIVE;
				CLANG_WARN_UNREACHABLE_CODE = YES;
				CLANG_WARN__DUPLICATE_METHOD_MATCH = YES;
				COPY_PHASE_STRIP = NO;
				DEBUG_INFORMATION_FORMAT = "dwarf-with-dsym";
				ENABLE_NS_ASSERTIONS = NO;
				ENABLE_STRICT_OBJC_MSGSEND = YES;
				GCC_C_LANGUAGE_STANDARD = gnu11;
				GCC_NO_COMMON_BLOCKS = YES;
				GCC_WARN_64_TO_32_BIT_CONVERSION = YES;
				GCC_WARN_ABOUT_RETURN_TYPE = YES_ERROR;
				GCC_WARN_UNDECLARED_SELECTOR = YES;
				GCC_WARN_UNINITIALIZED_AUTOS = YES_AGGRESSIVE;
				GCC_WARN_UNUSED_FUNCTION = YES;
				GCC_WARN_UNUSED_VARIABLE = YES;
				IPHONEOS_DEPLOYMENT_TARGET = 16.2;
				MTL_ENABLE_DEBUG_INFO = NO;
				MTL_FAST_MATH = YES;
				SDKROOT = iphoneos;
				SWIFT_COMPILATION_MODE = wholemodule;
				SWIFT_OPTIMIZATION_LEVEL = "-O";
				VALIDATE_PRODUCT = YES;
			};
			name = Release;
		};
		FA90059729BB59E500EB1AED /* Debug */ = {
			isa = XCBuildConfiguration;
			buildSettings = {
				ASSETCATALOG_COMPILER_APPICON_NAME = AppIcon;
				ASSETCATALOG_COMPILER_GLOBAL_ACCENT_COLOR_NAME = AccentColor;
				CODE_SIGN_STYLE = Automatic;
				CURRENT_PROJECT_VERSION = 1;
				DEVELOPMENT_ASSET_PATHS = "\"SwiftUIChatTutorial/Preview Content\"";
				DEVELOPMENT_TEAM = J4U22T2R46;
				ENABLE_PREVIEWS = YES;
				GENERATE_INFOPLIST_FILE = YES;
				INFOPLIST_FILE = SwiftUIChatTutorial/Info.plist;
				INFOPLIST_KEY_UIApplicationSupportsIndirectInputEvents = YES;
				INFOPLIST_KEY_UILaunchScreen_Generation = YES;
				INFOPLIST_KEY_UISupportedInterfaceOrientations_iPad = "UIInterfaceOrientationPortrait UIInterfaceOrientationPortraitUpsideDown UIInterfaceOrientationLandscapeLeft UIInterfaceOrientationLandscapeRight";
				INFOPLIST_KEY_UISupportedInterfaceOrientations_iPhone = "UIInterfaceOrientationPortrait UIInterfaceOrientationLandscapeLeft UIInterfaceOrientationLandscapeRight";
				LD_RUNPATH_SEARCH_PATHS = (
					"$(inherited)",
					"@executable_path/Frameworks",
				);
				MARKETING_VERSION = 1.0;
				PRODUCT_BUNDLE_IDENTIFIER = TeamMe.SwiftUIChatTutorial;
				PRODUCT_NAME = "$(TARGET_NAME)";
				SWIFT_EMIT_LOC_STRINGS = YES;
				SWIFT_VERSION = 5.0;
				TARGETED_DEVICE_FAMILY = "1,2";
			};
			name = Debug;
		};
		FA90059829BB59E500EB1AED /* Release */ = {
			isa = XCBuildConfiguration;
			buildSettings = {
				ASSETCATALOG_COMPILER_APPICON_NAME = AppIcon;
				ASSETCATALOG_COMPILER_GLOBAL_ACCENT_COLOR_NAME = AccentColor;
				CODE_SIGN_STYLE = Automatic;
				CURRENT_PROJECT_VERSION = 1;
				DEVELOPMENT_ASSET_PATHS = "\"SwiftUIChatTutorial/Preview Content\"";
				DEVELOPMENT_TEAM = J4U22T2R46;
				ENABLE_PREVIEWS = YES;
				GENERATE_INFOPLIST_FILE = YES;
				INFOPLIST_FILE = SwiftUIChatTutorial/Info.plist;
				INFOPLIST_KEY_UIApplicationSupportsIndirectInputEvents = YES;
				INFOPLIST_KEY_UILaunchScreen_Generation = YES;
				INFOPLIST_KEY_UISupportedInterfaceOrientations_iPad = "UIInterfaceOrientationPortrait UIInterfaceOrientationPortraitUpsideDown UIInterfaceOrientationLandscapeLeft UIInterfaceOrientationLandscapeRight";
				INFOPLIST_KEY_UISupportedInterfaceOrientations_iPhone = "UIInterfaceOrientationPortrait UIInterfaceOrientationLandscapeLeft UIInterfaceOrientationLandscapeRight";
				LD_RUNPATH_SEARCH_PATHS = (
					"$(inherited)",
					"@executable_path/Frameworks",
				);
				MARKETING_VERSION = 1.0;
				PRODUCT_BUNDLE_IDENTIFIER = TeamMe.SwiftUIChatTutorial;
				PRODUCT_NAME = "$(TARGET_NAME)";
				SWIFT_EMIT_LOC_STRINGS = YES;
				SWIFT_VERSION = 5.0;
				TARGETED_DEVICE_FAMILY = "1,2";
			};
			name = Release;
		};
/* End XCBuildConfiguration section */

/* Begin XCConfigurationList section */
		FA90058329BB59E000EB1AED /* Build configuration list for PBXProject "SwiftUIChatTutorial" */ = {
			isa = XCConfigurationList;
			buildConfigurations = (
				FA90059429BB59E500EB1AED /* Debug */,
				FA90059529BB59E500EB1AED /* Release */,
			);
			defaultConfigurationIsVisible = 0;
			defaultConfigurationName = Release;
		};
		FA90059629BB59E500EB1AED /* Build configuration list for PBXNativeTarget "SwiftUIChatTutorial" */ = {
			isa = XCConfigurationList;
			buildConfigurations = (
				FA90059729BB59E500EB1AED /* Debug */,
				FA90059829BB59E500EB1AED /* Release */,
			);
			defaultConfigurationIsVisible = 0;
			defaultConfigurationName = Release;
		};
/* End XCConfigurationList section */

/* Begin XCRemoteSwiftPackageReference section */
		FA64846729C9DD6C00B43F18 /* XCRemoteSwiftPackageReference "firebase-ios-sdk" */ = {
			isa = XCRemoteSwiftPackageReference;
			repositoryURL = "https://github.com/firebase/firebase-ios-sdk";
			requirement = {
				branch = master;
				kind = branch;
			};
		};
		FA77849D29C399C0003E920A /* XCRemoteSwiftPackageReference "Kingfisher" */ = {
			isa = XCRemoteSwiftPackageReference;
			repositoryURL = "https://github.com/onevcat/Kingfisher.git";
			requirement = {
				kind = upToNextMajorVersion;
				minimumVersion = 7.0.0;
			};
		};
/* End XCRemoteSwiftPackageReference section */

/* Begin XCSwiftPackageProductDependency section */
		FA64846829C9DD6C00B43F18 /* FirebaseAuth */ = {
			isa = XCSwiftPackageProductDependency;
			package = FA64846729C9DD6C00B43F18 /* XCRemoteSwiftPackageReference "firebase-ios-sdk" */;
			productName = FirebaseAuth;
		};
		FA64846A29C9DD6C00B43F18 /* FirebaseFirestore */ = {
			isa = XCSwiftPackageProductDependency;
			package = FA64846729C9DD6C00B43F18 /* XCRemoteSwiftPackageReference "firebase-ios-sdk" */;
			productName = FirebaseFirestore;
		};
		FA64846C29C9DD6C00B43F18 /* FirebaseFirestoreSwift */ = {
			isa = XCSwiftPackageProductDependency;
			package = FA64846729C9DD6C00B43F18 /* XCRemoteSwiftPackageReference "firebase-ios-sdk" */;
			productName = FirebaseFirestoreSwift;
		};
		FA64846E29C9DD6C00B43F18 /* FirebaseFunctions */ = {
			isa = XCSwiftPackageProductDependency;
			package = FA64846729C9DD6C00B43F18 /* XCRemoteSwiftPackageReference "firebase-ios-sdk" */;
			productName = FirebaseFunctions;
		};
		FA64847029C9DD6C00B43F18 /* FirebaseStorage */ = {
			isa = XCSwiftPackageProductDependency;
			package = FA64846729C9DD6C00B43F18 /* XCRemoteSwiftPackageReference "firebase-ios-sdk" */;
			productName = FirebaseStorage;
		};
		FA77849E29C399C0003E920A /* Kingfisher */ = {
			isa = XCSwiftPackageProductDependency;
			package = FA77849D29C399C0003E920A /* XCRemoteSwiftPackageReference "Kingfisher" */;
			productName = Kingfisher;
		};
/* End XCSwiftPackageProductDependency section */
	};
	rootObject = FA90058029BB59E000EB1AED /* Project object */;
}
